
Microsoft Visual Studio Solution File, Format Version 12.00
# Visual Studio Version 17
VisualStudioVersion = 17.10.34928.147
MinimumVisualStudioVersion = 10.0.40219.1
Project("{FAE04EC0-301F-11D3-BF4B-00C04F79EFBC}") = "Neetcode", "Neetcode.csproj", "{BB89C0D4-AA4A-4DA0-99E1-550821A13E6C}"
EndProject
Global
	GlobalSection(SolutionConfigurationPlatforms) = preSolution
		Debug|Any CPU = Debug|Any CPU
		Release|Any CPU = Release|Any CPU
	EndGlobalSection
	GlobalSection(ProjectConfigurationPlatforms) = postSolution
		{BB89C0D4-AA4A-4DA0-99E1-550821A13E6C}.Debug|Any CPU.ActiveCfg = Debug|Any CPU
		{BB89C0D4-AA4A-4DA0-99E1-550821A13E6C}.Debug|Any CPU.Build.0 = Debug|Any CPU
		{BB89C0D4-AA4A-4DA0-99E1-550821A13E6C}.Release|Any CPU.ActiveCfg = Release|Any CPU
		{BB89C0D4-AA4A-4DA0-99E1-550821A13E6C}.Release|Any CPU.Build.0 = Release|Any CPU
	EndGlobalSection
	GlobalSection(SolutionProperties) = preSolution
		HideSolutionNode = FALSE
	EndGlobalSection
	GlobalSection(ExtensibilityGlobals) = postSolution
		SolutionGuid = {3D915202-CF38-4F69-A76B-C2EF4DED2B01}
	EndGlobalSection
EndGlobal
